
Microsoft Visual Studio Solution File, Format Version 12.00
# Visual Studio Version 17
VisualStudioVersion = 17.0.32112.339
MinimumVisualStudioVersion = 10.0.40219.1
Project("{FAE04EC0-301F-11D3-BF4B-00C04F79EFBC}") = "DiamantesAcademiadoProgramador.ConsoleApp", "DiamantesAcademiadoProgramador.ConsoleApp\DiamantesAcademiadoProgramador.ConsoleApp.csproj", "{ADEBF08B-0F17-46CF-AA3E-48156D25C115}"
EndProject
Global
	GlobalSection(SolutionConfigurationPlatforms) = preSolution
		Debug|Any CPU = Debug|Any CPU
		Release|Any CPU = Release|Any CPU
	EndGlobalSection
	GlobalSection(ProjectConfigurationPlatforms) = postSolution
		{ADEBF08B-0F17-46CF-AA3E-48156D25C115}.Debug|Any CPU.ActiveCfg = Debug|Any CPU
		{ADEBF08B-0F17-46CF-AA3E-48156D25C115}.Debug|Any CPU.Build.0 = Debug|Any CPU
		{ADEBF08B-0F17-46CF-AA3E-48156D25C115}.Release|Any CPU.ActiveCfg = Release|Any CPU
		{ADEBF08B-0F17-46CF-AA3E-48156D25C115}.Release|Any CPU.Build.0 = Release|Any CPU
	EndGlobalSection
	GlobalSection(SolutionProperties) = preSolution
		HideSolutionNode = FALSE
	EndGlobalSection
	GlobalSection(ExtensibilityGlobals) = postSolution
		SolutionGuid = {A7834864-81E6-45C6-9C65-0D4DC6A8EEDB}
	EndGlobalSection
EndGlobal
